
Microsoft Visual Studio Solution File, Format Version 12.00
# Visual Studio 2013
VisualStudioVersion = 12.0.21005.1
MinimumVisualStudioVersion = 10.0.40219.1
Project("{FAE04EC0-301F-11D3-BF4B-00C04F79EFBC}") = "Introduction", "Introduction\Introduction.csproj", "{00E0A540-49AA-4288-8480-553D853D999A}"
EndProject
Project("{FAE04EC0-301F-11D3-BF4B-00C04F79EFBC}") = "SampleDesignPattern", "SampleDesignPattern\SampleDesignPattern.csproj", "{F083E77B-C3E6-4C5F-B7E9-86F16617D02F}"
EndProject
Project("{2150E333-8FDC-42A3-9474-1A3956D46DE8}") = "Creational Patterns", "Creational Patterns", "{0E90B0D9-7557-491C-B227-551987786F01}"
EndProject
Project("{FAE04EC0-301F-11D3-BF4B-00C04F79EFBC}") = "AbstractFactory", "DesignPatternSamples\AbstractFactory\AbstractFactory.csproj", "{222742CB-CCE5-48B8-8492-EB2D37F84977}"
EndProject
Project("{FAE04EC0-301F-11D3-BF4B-00C04F79EFBC}") = "Builder", "DesignPatternSamples\Builder\Builder.csproj", "{49101876-97C2-4DFC-900D-C8D842912EE3}"
EndProject
Project("{FAE04EC0-301F-11D3-BF4B-00C04F79EFBC}") = "FactoryMethod", "DesignPatternSamples\FactoryMethod\FactoryMethod.csproj", "{BC0D08DE-2403-4861-9E3E-42700ECF32EA}"
EndProject
Project("{FAE04EC0-301F-11D3-BF4B-00C04F79EFBC}") = "Prototype", "DesignPatternSamples\Prototype\Prototype.csproj", "{5601421F-29C7-4F45-91AD-33757C47BBF5}"
EndProject
Project("{FAE04EC0-301F-11D3-BF4B-00C04F79EFBC}") = "Singleton", "DesignPatternSamples\Singleton\Singleton.csproj", "{2C61D8EA-EDDA-4BEF-8FB9-AB74892ECC5B}"
EndProject
Project("{2150E333-8FDC-42A3-9474-1A3956D46DE8}") = "Structural Patterns", "Structural Patterns", "{58D520CA-2486-4AED-AF0D-7BC510053A9D}"
EndProject
Project("{FAE04EC0-301F-11D3-BF4B-00C04F79EFBC}") = "Adapter", "DesignPatternSamples\Adapter\Adapter.csproj", "{D292946D-C790-4FC5-AD5D-77DA4DDD3479}"
EndProject
Project("{FAE04EC0-301F-11D3-BF4B-00C04F79EFBC}") = "Bridge", "DesignPatternSamples\Bridge\Bridge.csproj", "{6D0AEF02-619A-4AB5-8F78-86EA6BC0688E}"
EndProject
Project("{FAE04EC0-301F-11D3-BF4B-00C04F79EFBC}") = "Composite", "DesignPatternSamples\Composite\Composite.csproj", "{B2D062F8-9075-43A9-B43A-7FFABE52C48D}"
EndProject
Project("{FAE04EC0-301F-11D3-BF4B-00C04F79EFBC}") = "Decorator", "DesignPatternSamples\Decorator\Decorator.csproj", "{DD0EBB75-23CF-406A-BA43-6D39D39CB880}"
EndProject
Project("{FAE04EC0-301F-11D3-BF4B-00C04F79EFBC}") = "Flyweight", "DesignPatternSamples\Flyweight\Flyweight.csproj", "{EE656914-9520-4AEF-9D9E-71FE8E6B83E7}"
EndProject
Project("{FAE04EC0-301F-11D3-BF4B-00C04F79EFBC}") = "Proxy", "DesignPatternSamples\Proxy\Proxy.csproj", "{5D1066C1-3EB3-4D1B-B6DA-94BDFB627A04}"
EndProject
Project("{2150E333-8FDC-42A3-9474-1A3956D46DE8}") = "Behavioural Patterns", "Behavioural Patterns", "{3B9E740F-C3EC-4388-BE0C-A69C7438F9B0}"
EndProject
Project("{FAE04EC0-301F-11D3-BF4B-00C04F79EFBC}") = "ChainofResponsibility", "DesignPatternSamples\ChainofResponsibility\ChainofResponsibility.csproj", "{C4DB3FE6-D35B-4A37-8BE8-30844EA44E2F}"
EndProject
Project("{FAE04EC0-301F-11D3-BF4B-00C04F79EFBC}") = "Command", "DesignPatternSamples\Command\Command.csproj", "{45291421-45AC-424F-81E5-EE40248A8548}"
EndProject
Project("{FAE04EC0-301F-11D3-BF4B-00C04F79EFBC}") = "Interpreter", "DesignPatternSamples\Interpreter\Interpreter.csproj", "{43BA2D13-833D-4D82-AE22-35C9EDE2EF15}"
EndProject
Project("{FAE04EC0-301F-11D3-BF4B-00C04F79EFBC}") = "mediator", "DesignPatternSamples\mediator\mediator.csproj", "{C9468F84-2671-4BCE-BA2B-58790DF4F886}"
EndProject
Project("{FAE04EC0-301F-11D3-BF4B-00C04F79EFBC}") = "Observer", "DesignPatternSamples\Observer\Observer.csproj", "{EAEB67CD-1654-4F0C-8860-0234BA516627}"
EndProject
Project("{FAE04EC0-301F-11D3-BF4B-00C04F79EFBC}") = "State", "DesignPatternSamples\State\State.csproj", "{27D5085F-9FCF-4B7F-8BD4-A914D16F9BE0}"
EndProject
Project("{FAE04EC0-301F-11D3-BF4B-00C04F79EFBC}") = "Strategy", "DesignPatternSamples\Strategy\Strategy.csproj", "{C08D397A-9A32-413D-9F79-5F26C81CD4A7}"
EndProject
Project("{FAE04EC0-301F-11D3-BF4B-00C04F79EFBC}") = "TemplateMethod", "DesignPatternSamples\TemplateMethod\TemplateMethod.csproj", "{93F319B5-FFD2-4F28-89B2-8C449BACC03A}"
EndProject
Project("{FAE04EC0-301F-11D3-BF4B-00C04F79EFBC}") = "Visitor", "DesignPatternSamples\Visitor\Visitor.csproj", "{04336114-60CB-41B9-80C3-6F6FEB9DB546}"
EndProject
Global
	GlobalSection(SolutionConfigurationPlatforms) = preSolution
		Debug|Any CPU = Debug|Any CPU
		Release|Any CPU = Release|Any CPU
	EndGlobalSection
	GlobalSection(ProjectConfigurationPlatforms) = postSolution
		{00E0A540-49AA-4288-8480-553D853D999A}.Debug|Any CPU.ActiveCfg = Debug|Any CPU
		{00E0A540-49AA-4288-8480-553D853D999A}.Debug|Any CPU.Build.0 = Debug|Any CPU
		{00E0A540-49AA-4288-8480-553D853D999A}.Release|Any CPU.ActiveCfg = Release|Any CPU
		{00E0A540-49AA-4288-8480-553D853D999A}.Release|Any CPU.Build.0 = Release|Any CPU
		{F083E77B-C3E6-4C5F-B7E9-86F16617D02F}.Debug|Any CPU.ActiveCfg = Debug|Any CPU
		{F083E77B-C3E6-4C5F-B7E9-86F16617D02F}.Debug|Any CPU.Build.0 = Debug|Any CPU
		{F083E77B-C3E6-4C5F-B7E9-86F16617D02F}.Release|Any CPU.ActiveCfg = Release|Any CPU
		{F083E77B-C3E6-4C5F-B7E9-86F16617D02F}.Release|Any CPU.Build.0 = Release|Any CPU
		{222742CB-CCE5-48B8-8492-EB2D37F84977}.Debug|Any CPU.ActiveCfg = Debug|Any CPU
		{222742CB-CCE5-48B8-8492-EB2D37F84977}.Debug|Any CPU.Build.0 = Debug|Any CPU
		{222742CB-CCE5-48B8-8492-EB2D37F84977}.Release|Any CPU.ActiveCfg = Release|Any CPU
		{222742CB-CCE5-48B8-8492-EB2D37F84977}.Release|Any CPU.Build.0 = Release|Any CPU
		{49101876-97C2-4DFC-900D-C8D842912EE3}.Debug|Any CPU.ActiveCfg = Debug|Any CPU
		{49101876-97C2-4DFC-900D-C8D842912EE3}.Debug|Any CPU.Build.0 = Debug|Any CPU
		{49101876-97C2-4DFC-900D-C8D842912EE3}.Release|Any CPU.ActiveCfg = Release|Any CPU
		{49101876-97C2-4DFC-900D-C8D842912EE3}.Release|Any CPU.Build.0 = Release|Any CPU
		{BC0D08DE-2403-4861-9E3E-42700ECF32EA}.Debug|Any CPU.ActiveCfg = Debug|Any CPU
		{BC0D08DE-2403-4861-9E3E-42700ECF32EA}.Debug|Any CPU.Build.0 = Debug|Any CPU
		{BC0D08DE-2403-4861-9E3E-42700ECF32EA}.Release|Any CPU.ActiveCfg = Release|Any CPU
		{BC0D08DE-2403-4861-9E3E-42700ECF32EA}.Release|Any CPU.Build.0 = Release|Any CPU
		{5601421F-29C7-4F45-91AD-33757C47BBF5}.Debug|Any CPU.ActiveCfg = Debug|Any CPU
		{5601421F-29C7-4F45-91AD-33757C47BBF5}.Debug|Any CPU.Build.0 = Debug|Any CPU
		{5601421F-29C7-4F45-91AD-33757C47BBF5}.Release|Any CPU.ActiveCfg = Release|Any CPU
		{5601421F-29C7-4F45-91AD-33757C47BBF5}.Release|Any CPU.Build.0 = Release|Any CPU
		{2C61D8EA-EDDA-4BEF-8FB9-AB74892ECC5B}.Debug|Any CPU.ActiveCfg = Debug|Any CPU
		{2C61D8EA-EDDA-4BEF-8FB9-AB74892ECC5B}.Debug|Any CPU.Build.0 = Debug|Any CPU
		{2C61D8EA-EDDA-4BEF-8FB9-AB74892ECC5B}.Release|Any CPU.ActiveCfg = Release|Any CPU
		{2C61D8EA-EDDA-4BEF-8FB9-AB74892ECC5B}.Release|Any CPU.Build.0 = Release|Any CPU
		{D292946D-C790-4FC5-AD5D-77DA4DDD3479}.Debug|Any CPU.ActiveCfg = Debug|Any CPU
		{D292946D-C790-4FC5-AD5D-77DA4DDD3479}.Debug|Any CPU.Build.0 = Debug|Any CPU
		{D292946D-C790-4FC5-AD5D-77DA4DDD3479}.Release|Any CPU.ActiveCfg = Release|Any CPU
		{D292946D-C790-4FC5-AD5D-77DA4DDD3479}.Release|Any CPU.Build.0 = Release|Any CPU
		{6D0AEF02-619A-4AB5-8F78-86EA6BC0688E}.Debug|Any CPU.ActiveCfg = Debug|Any CPU
		{6D0AEF02-619A-4AB5-8F78-86EA6BC0688E}.Debug|Any CPU.Build.0 = Debug|Any CPU
		{6D0AEF02-619A-4AB5-8F78-86EA6BC0688E}.Release|Any CPU.ActiveCfg = Release|Any CPU
		{6D0AEF02-619A-4AB5-8F78-86EA6BC0688E}.Release|Any CPU.Build.0 = Release|Any CPU
		{B2D062F8-9075-43A9-B43A-7FFABE52C48D}.Debug|Any CPU.ActiveCfg = Debug|Any CPU
		{B2D062F8-9075-43A9-B43A-7FFABE52C48D}.Debug|Any CPU.Build.0 = Debug|Any CPU
		{B2D062F8-9075-43A9-B43A-7FFABE52C48D}.Release|Any CPU.ActiveCfg = Release|Any CPU
		{B2D062F8-9075-43A9-B43A-7FFABE52C48D}.Release|Any CPU.Build.0 = Release|Any CPU
		{DD0EBB75-23CF-406A-BA43-6D39D39CB880}.Debug|Any CPU.ActiveCfg = Debug|Any CPU
		{DD0EBB75-23CF-406A-BA43-6D39D39CB880}.Debug|Any CPU.Build.0 = Debug|Any CPU
		{DD0EBB75-23CF-406A-BA43-6D39D39CB880}.Release|Any CPU.ActiveCfg = Release|Any CPU
		{DD0EBB75-23CF-406A-BA43-6D39D39CB880}.Release|Any CPU.Build.0 = Release|Any CPU
		{EE656914-9520-4AEF-9D9E-71FE8E6B83E7}.Debug|Any CPU.ActiveCfg = Debug|Any CPU
		{EE656914-9520-4AEF-9D9E-71FE8E6B83E7}.Debug|Any CPU.Build.0 = Debug|Any CPU
		{EE656914-9520-4AEF-9D9E-71FE8E6B83E7}.Release|Any CPU.ActiveCfg = Release|Any CPU
		{EE656914-9520-4AEF-9D9E-71FE8E6B83E7}.Release|Any CPU.Build.0 = Release|Any CPU
		{5D1066C1-3EB3-4D1B-B6DA-94BDFB627A04}.Debug|Any CPU.ActiveCfg = Debug|Any CPU
		{5D1066C1-3EB3-4D1B-B6DA-94BDFB627A04}.Debug|Any CPU.Build.0 = Debug|Any CPU
		{5D1066C1-3EB3-4D1B-B6DA-94BDFB627A04}.Release|Any CPU.ActiveCfg = Release|Any CPU
		{5D1066C1-3EB3-4D1B-B6DA-94BDFB627A04}.Release|Any CPU.Build.0 = Release|Any CPU
		{C4DB3FE6-D35B-4A37-8BE8-30844EA44E2F}.Debug|Any CPU.ActiveCfg = Debug|Any CPU
		{C4DB3FE6-D35B-4A37-8BE8-30844EA44E2F}.Debug|Any CPU.Build.0 = Debug|Any CPU
		{C4DB3FE6-D35B-4A37-8BE8-30844EA44E2F}.Release|Any CPU.ActiveCfg = Release|Any CPU
		{C4DB3FE6-D35B-4A37-8BE8-30844EA44E2F}.Release|Any CPU.Build.0 = Release|Any CPU
		{45291421-45AC-424F-81E5-EE40248A8548}.Debug|Any CPU.ActiveCfg = Debug|Any CPU
		{45291421-45AC-424F-81E5-EE40248A8548}.Debug|Any CPU.Build.0 = Debug|Any CPU
		{45291421-45AC-424F-81E5-EE40248A8548}.Release|Any CPU.ActiveCfg = Release|Any CPU
		{45291421-45AC-424F-81E5-EE40248A8548}.Release|Any CPU.Build.0 = Release|Any CPU
		{43BA2D13-833D-4D82-AE22-35C9EDE2EF15}.Debug|Any CPU.ActiveCfg = Debug|Any CPU
		{43BA2D13-833D-4D82-AE22-35C9EDE2EF15}.Debug|Any CPU.Build.0 = Debug|Any CPU
		{43BA2D13-833D-4D82-AE22-35C9EDE2EF15}.Release|Any CPU.ActiveCfg = Release|Any CPU
		{43BA2D13-833D-4D82-AE22-35C9EDE2EF15}.Release|Any CPU.Build.0 = Release|Any CPU
		{C9468F84-2671-4BCE-BA2B-58790DF4F886}.Debug|Any CPU.ActiveCfg = Debug|Any CPU
		{C9468F84-2671-4BCE-BA2B-58790DF4F886}.Debug|Any CPU.Build.0 = Debug|Any CPU
		{C9468F84-2671-4BCE-BA2B-58790DF4F886}.Release|Any CPU.ActiveCfg = Release|Any CPU
		{C9468F84-2671-4BCE-BA2B-58790DF4F886}.Release|Any CPU.Build.0 = Release|Any CPU
		{EAEB67CD-1654-4F0C-8860-0234BA516627}.Debug|Any CPU.ActiveCfg = Debug|Any CPU
		{EAEB67CD-1654-4F0C-8860-0234BA516627}.Debug|Any CPU.Build.0 = Debug|Any CPU
		{EAEB67CD-1654-4F0C-8860-0234BA516627}.Release|Any CPU.ActiveCfg = Release|Any CPU
		{EAEB67CD-1654-4F0C-8860-0234BA516627}.Release|Any CPU.Build.0 = Release|Any CPU
		{27D5085F-9FCF-4B7F-8BD4-A914D16F9BE0}.Debug|Any CPU.ActiveCfg = Debug|Any CPU
		{27D5085F-9FCF-4B7F-8BD4-A914D16F9BE0}.Debug|Any CPU.Build.0 = Debug|Any CPU
		{27D5085F-9FCF-4B7F-8BD4-A914D16F9BE0}.Release|Any CPU.ActiveCfg = Release|Any CPU
		{27D5085F-9FCF-4B7F-8BD4-A914D16F9BE0}.Release|Any CPU.Build.0 = Release|Any CPU
		{C08D397A-9A32-413D-9F79-5F26C81CD4A7}.Debug|Any CPU.ActiveCfg = Debug|Any CPU
		{C08D397A-9A32-413D-9F79-5F26C81CD4A7}.Debug|Any CPU.Build.0 = Debug|Any CPU
		{C08D397A-9A32-413D-9F79-5F26C81CD4A7}.Release|Any CPU.ActiveCfg = Release|Any CPU
		{C08D397A-9A32-413D-9F79-5F26C81CD4A7}.Release|Any CPU.Build.0 = Release|Any CPU
		{93F319B5-FFD2-4F28-89B2-8C449BACC03A}.Debug|Any CPU.ActiveCfg = Debug|Any CPU
		{93F319B5-FFD2-4F28-89B2-8C449BACC03A}.Debug|Any CPU.Build.0 = Debug|Any CPU
		{93F319B5-FFD2-4F28-89B2-8C449BACC03A}.Release|Any CPU.ActiveCfg = Release|Any CPU
		{93F319B5-FFD2-4F28-89B2-8C449BACC03A}.Release|Any CPU.Build.0 = Release|Any CPU
		{04336114-60CB-41B9-80C3-6F6FEB9DB546}.Debug|Any CPU.ActiveCfg = Debug|Any CPU
		{04336114-60CB-41B9-80C3-6F6FEB9DB546}.Debug|Any CPU.Build.0 = Debug|Any CPU
		{04336114-60CB-41B9-80C3-6F6FEB9DB546}.Release|Any CPU.ActiveCfg = Release|Any CPU
		{04336114-60CB-41B9-80C3-6F6FEB9DB546}.Release|Any CPU.Build.0 = Release|Any CPU
	EndGlobalSection
	GlobalSection(SolutionProperties) = preSolution
		HideSolutionNode = FALSE
	EndGlobalSection
	GlobalSection(NestedProjects) = preSolution
		{222742CB-CCE5-48B8-8492-EB2D37F84977} = {0E90B0D9-7557-491C-B227-551987786F01}
		{49101876-97C2-4DFC-900D-C8D842912EE3} = {0E90B0D9-7557-491C-B227-551987786F01}
		{BC0D08DE-2403-4861-9E3E-42700ECF32EA} = {0E90B0D9-7557-491C-B227-551987786F01}
		{5601421F-29C7-4F45-91AD-33757C47BBF5} = {0E90B0D9-7557-491C-B227-551987786F01}
		{2C61D8EA-EDDA-4BEF-8FB9-AB74892ECC5B} = {0E90B0D9-7557-491C-B227-551987786F01}
		{D292946D-C790-4FC5-AD5D-77DA4DDD3479} = {58D520CA-2486-4AED-AF0D-7BC510053A9D}
		{6D0AEF02-619A-4AB5-8F78-86EA6BC0688E} = {58D520CA-2486-4AED-AF0D-7BC510053A9D}
		{B2D062F8-9075-43A9-B43A-7FFABE52C48D} = {58D520CA-2486-4AED-AF0D-7BC510053A9D}
		{DD0EBB75-23CF-406A-BA43-6D39D39CB880} = {58D520CA-2486-4AED-AF0D-7BC510053A9D}
		{EE656914-9520-4AEF-9D9E-71FE8E6B83E7} = {58D520CA-2486-4AED-AF0D-7BC510053A9D}
		{5D1066C1-3EB3-4D1B-B6DA-94BDFB627A04} = {58D520CA-2486-4AED-AF0D-7BC510053A9D}
		{C4DB3FE6-D35B-4A37-8BE8-30844EA44E2F} = {3B9E740F-C3EC-4388-BE0C-A69C7438F9B0}
		{45291421-45AC-424F-81E5-EE40248A8548} = {3B9E740F-C3EC-4388-BE0C-A69C7438F9B0}
		{43BA2D13-833D-4D82-AE22-35C9EDE2EF15} = {3B9E740F-C3EC-4388-BE0C-A69C7438F9B0}
		{C9468F84-2671-4BCE-BA2B-58790DF4F886} = {3B9E740F-C3EC-4388-BE0C-A69C7438F9B0}
		{EAEB67CD-1654-4F0C-8860-0234BA516627} = {3B9E740F-C3EC-4388-BE0C-A69C7438F9B0}
		{27D5085F-9FCF-4B7F-8BD4-A914D16F9BE0} = {3B9E740F-C3EC-4388-BE0C-A69C7438F9B0}
		{C08D397A-9A32-413D-9F79-5F26C81CD4A7} = {3B9E740F-C3EC-4388-BE0C-A69C7438F9B0}
		{93F319B5-FFD2-4F28-89B2-8C449BACC03A} = {3B9E740F-C3EC-4388-BE0C-A69C7438F9B0}
		{04336114-60CB-41B9-80C3-6F6FEB9DB546} = {3B9E740F-C3EC-4388-BE0C-A69C7438F9B0}
	EndGlobalSection
EndGlobal
